
Microsoft Visual Studio Solution File, Format Version 12.00
# Visual Studio Version 16
VisualStudioVersion = 16.0.29001.49
MinimumVisualStudioVersion = 10.0.40219.1
Project("{FAE04EC0-301F-11D3-BF4B-00C04F79EFBC}") = "wevo", "wevo\wevo.csproj", "{079594FE-4F86-42D9-B607-A2569BB5DC3C}"
EndProject
Global
	GlobalSection(SolutionConfigurationPlatforms) = preSolution
		Debug|Any CPU = Debug|Any CPU
		Release|Any CPU = Release|Any CPU
	EndGlobalSection
	GlobalSection(ProjectConfigurationPlatforms) = postSolution
		{079594FE-4F86-42D9-B607-A2569BB5DC3C}.Debug|Any CPU.ActiveCfg = Debug|Any CPU
		{079594FE-4F86-42D9-B607-A2569BB5DC3C}.Debug|Any CPU.Build.0 = Debug|Any CPU
		{079594FE-4F86-42D9-B607-A2569BB5DC3C}.Release|Any CPU.ActiveCfg = Release|Any CPU
		{079594FE-4F86-42D9-B607-A2569BB5DC3C}.Release|Any CPU.Build.0 = Release|Any CPU
	EndGlobalSection
	GlobalSection(SolutionProperties) = preSolution
		HideSolutionNode = FALSE
	EndGlobalSection
	GlobalSection(ExtensibilityGlobals) = postSolution
		SolutionGuid = {6D36CC92-CCFA-4E83-A8C4-07405331EFF9}
	EndGlobalSection
EndGlobal
